PODS:
  - Satin (1.0.0)
  - SwiftFormat/CLI (0.46.3)

DEPENDENCIES:
  - Satin (>= 1.0.0)
  - SwiftFormat/CLI

SPEC REPOS:
  "git@github.com:Hi-Rez/Specs.git":
    - Satin
  trunk:
    - SwiftFormat

SPEC CHECKSUMS:
  Satin: f9c1a1f289dde1dc68e481af22f9d6d5ee75f1f9
  SwiftFormat: b639417da9e024b9e782f917bc9a080cf75bcb37

PODFILE CHECKSUM: 1346969da47389adfd2664929d9f5a911e9b3afd

COCOAPODS: 1.10.0.rc.1
